
Microsoft Visual Studio Solution File, Format Version 12.00
# Visual Studio Version 17
VisualStudioVersion = 17.1.32104.313
MinimumVisualStudioVersion = 10.0.40219.1
Project("{FAE04EC0-301F-11D3-BF4B-00C04F79EFBC}") = "Ribbon.MemLeak", "Ribbon.MemLeak\Ribbon.MemLeak.csproj", "{55A25AA5-24D3-4E56-8C13-E23161F2217C}"
EndProject
Global
	GlobalSection(SolutionConfigurationPlatforms) = preSolution
		Debug|Any CPU = Debug|Any CPU
		Release|Any CPU = Release|Any CPU
	EndGlobalSection
	GlobalSection(ProjectConfigurationPlatforms) = postSolution
		{55A25AA5-24D3-4E56-8C13-E23161F2217C}.Debug|Any CPU.ActiveCfg = Debug|Any CPU
		{55A25AA5-24D3-4E56-8C13-E23161F2217C}.Debug|Any CPU.Build.0 = Debug|Any CPU
		{55A25AA5-24D3-4E56-8C13-E23161F2217C}.Release|Any CPU.ActiveCfg = Release|Any CPU
		{55A25AA5-24D3-4E56-8C13-E23161F2217C}.Release|Any CPU.Build.0 = Release|Any CPU
	EndGlobalSection
	GlobalSection(SolutionProperties) = preSolution
		HideSolutionNode = FALSE
	EndGlobalSection
	GlobalSection(ExtensibilityGlobals) = postSolution
		SolutionGuid = {8CE1BBD3-2ACA-44DE-89D2-272F1E1F1E5D}
	EndGlobalSection
EndGlobal
